// !$*UTF8*$!
{
	archiveVersion = 1;
	classes = {
	};
	objectVersion = 50;
	objects = {

/* Begin PBXBuildFile section */
		2CE5D47420811EEB00E559D5 /* AppDelegate.m in Sources */ = {isa = PBXBuildFile; fileRef = 2CE5D47320811EEB00E559D5 /* AppDelegate.m */; };
		2CE5D47720811EEB00E559D5 /* ViewController.m in Sources */ = {isa = PBXBuildFile; fileRef = 2CE5D47620811EEB00E559D5 /* ViewController.m */; };
		2CE5D47A20811EEB00E559D5 /* Main.storyboard in Resources */ = {isa = PBXBuildFile; fileRef = 2CE5D47820811EEB00E559D5 /* Main.storyboard */; };
		2CE5D47C20811EF100E559D5 /* Assets.xcassets in Resources */ = {isa = PBXBuildFile; fileRef = 2CE5D47B20811EF100E559D5 /* Assets.xcassets */; };
		2CE5D47F20811EF100E559D5 /* LaunchScreen.storyboard in Resources */ = {isa = PBXBuildFile; fileRef = 2CE5D47D20811EF100E559D5 /* LaunchScreen.storyboard */; };
		2CE5D48220811EF100E559D5 /* main.m in Sources */ = {isa = PBXBuildFile; fileRef = 2CE5D48120811EF100E559D5 /* main.m */; };
		2CE5D48A2081238D00E559D5 /* NavigationGradientView.m in Sources */ = {isa = PBXBuildFile; fileRef = 2CE5D4892081238D00E559D5 /* NavigationGradientView.m */; };
		2CE5D48E208390C600E559D5 /* DataManager.m in Sources */ = {isa = PBXBuildFile; fileRef = 2CE5D48D208390C600E559D5 /* DataManager.m */; };
		2CE5D4932083A2A500E559D5 /* ApartmentListRequest.m in Sources */ = {isa = PBXBuildFile; fileRef = 2CE5D4922083A2A400E559D5 /* ApartmentListRequest.m */; };
		2CE5D4AE2083A6E500E559D5 /* JSONValueTransformer.m in Sources */ = {isa = PBXBuildFile; fileRef = 2CE5D4992083A6E500E559D5 /* JSONValueTransformer.m */; };
		2CE5D4AF2083A6E500E559D5 /* JSONKeyMapper.m in Sources */ = {isa = PBXBuildFile; fileRef = 2CE5D49C2083A6E500E559D5 /* JSONKeyMapper.m */; };
		2CE5D4B02083A6E500E559D5 /* JSONModel.m in Sources */ = {isa = PBXBuildFile; fileRef = 2CE5D49E2083A6E500E559D5 /* JSONModel.m */; };
		2CE5D4B12083A6E500E559D5 /* JSONModelError.m in Sources */ = {isa = PBXBuildFile; fileRef = 2CE5D49F2083A6E500E559D5 /* JSONModelError.m */; };
		2CE5D4B22083A6E500E559D5 /* JSONModelClassProperty.m in Sources */ = {isa = PBXBuildFile; fileRef = 2CE5D4A22083A6E500E559D5 /* JSONModelClassProperty.m */; };
		2CE5D4B32083A6E500E559D5 /* Info.plist in Resources */ = {isa = PBXBuildFile; fileRef = 2CE5D4A52083A6E500E559D5 /* Info.plist */; };
		2CE5D4B42083A6E500E559D5 /* JSONHTTPClient.m in Sources */ = {isa = PBXBuildFile; fileRef = 2CE5D4A82083A6E500E559D5 /* JSONHTTPClient.m */; };
		2CE5D4B52083A6E500E559D5 /* JSONAPI.m in Sources */ = {isa = PBXBuildFile; fileRef = 2CE5D4A92083A6E500E559D5 /* JSONAPI.m */; };
		2CE5D4B62083A6E500E559D5 /* JSONModel+networking.m in Sources */ = {isa = PBXBuildFile; fileRef = 2CE5D4AD2083A6E500E559D5 /* JSONModel+networking.m */; };
		2CE5D4B92083A8DE00E559D5 /* Apartment.m in Sources */ = {isa = PBXBuildFile; fileRef = 2CE5D4B82083A8DE00E559D5 /* Apartment.m */; };
		2CE5D4BC2083BDCE00E559D5 /* DataResponse.m in Sources */ = {isa = PBXBuildFile; fileRef = 2CE5D4BB2083BDCE00E559D5 /* DataResponse.m */; };
		2CE5D4C020866B7000E559D5 /* ApartmentTableViewCell.m in Sources */ = {isa = PBXBuildFile; fileRef = 2CE5D4BE20866B7000E559D5 /* ApartmentTableViewCell.m */; };
		2CE5D4C120866B7000E559D5 /* ApartmentTableViewCell.xib in Resources */ = {isa = PBXBuildFile; fileRef = 2CE5D4BF20866B7000E559D5 /* ApartmentTableViewCell.xib */; };
		2CE5D4C720868AD800E559D5 /* LoadMoreTableViewCell.m in Sources */ = {isa = PBXBuildFile; fileRef = 2CE5D4C520868AD800E559D5 /* LoadMoreTableViewCell.m */; };
		2CE5D4C820868AD800E559D5 /* LoadMoreTableViewCell.xib in Resources */ = {isa = PBXBuildFile; fileRef = 2CE5D4C620868AD800E559D5 /* LoadMoreTableViewCell.xib */; };
/* End PBXBuildFile section */

/* Begin PBXFileReference section */
		2CE5D46F20811EEB00E559D5 /* ApartmentComplexSearchApp.app */ = {isa = PBXFileReference; explicitFileType = wrapper.application; includeInIndex = 0; path = ApartmentComplexSearchApp.app; sourceTree = BUILT_PRODUCTS_DIR; };
		2CE5D47220811EEB00E559D5 /* AppDelegate.h */ = {isa = PBXFileReference; lastKnownFileType = sourcecode.c.h; path = AppDelegate.h; sourceTree = "<group>"; };
		2CE5D47320811EEB00E559D5 /* AppDelegate.m */ = {isa = PBXFileReference; lastKnownFileType = sourcecode.c.objc; path = AppDelegate.m; sourceTree = "<group>"; };
		2CE5D47520811EEB00E559D5 /* ViewController.h */ = {isa = PBXFileReference; lastKnownFileType = sourcecode.c.h; path = ViewController.h; sourceTree = "<group>"; };
		2CE5D47620811EEB00E559D5 /* ViewController.m */ = {isa = PBXFileReference; lastKnownFileType = sourcecode.c.objc; path = ViewController.m; sourceTree = "<group>"; };
		2CE5D47920811EEB00E559D5 /* Base */ = {isa = PBXFileReference; lastKnownFileType = file.storyboard; name = Base; path = Base.lproj/Main.storyboard; sourceTree = "<group>"; };
		2CE5D47B20811EF100E559D5 /* Assets.xcassets */ = {isa = PBXFileReference; lastKnownFileType = folder.assetcatalog; path = Assets.xcassets; sourceTree = "<group>"; };
		2CE5D47E20811EF100E559D5 /* Base */ = {isa = PBXFileReference; lastKnownFileType = file.storyboard; name = Base; path = Base.lproj/LaunchScreen.storyboard; sourceTree = "<group>"; };
		2CE5D48020811EF100E559D5 /* Info.plist */ = {isa = PBXFileReference; lastKnownFileType = text.plist.xml; path = Info.plist; sourceTree = "<group>"; };
		2CE5D48120811EF100E559D5 /* main.m */ = {isa = PBXFileReference; lastKnownFileType = sourcecode.c.objc; path = main.m; sourceTree = "<group>"; };
		2CE5D4882081238D00E559D5 /* NavigationGradientView.h */ = {isa = PBXFileReference; lastKnownFileType = sourcecode.c.h; path = NavigationGradientView.h; sourceTree = "<group>"; };
		2CE5D4892081238D00E559D5 /* NavigationGradientView.m */ = {isa = PBXFileReference; lastKnownFileType = sourcecode.c.objc; path = NavigationGradientView.m; sourceTree = "<group>"; };
		2CE5D48C208390C600E559D5 /* DataManager.h */ = {isa = PBXFileReference; lastKnownFileType = sourcecode.c.h; path = DataManager.h; sourceTree = "<group>"; };
		2CE5D48D208390C600E559D5 /* DataManager.m */ = {isa = PBXFileReference; lastKnownFileType = sourcecode.c.objc; path = DataManager.m; sourceTree = "<group>"; };
		2CE5D48F2083916D00E559D5 /* DataManagerDelegate.h */ = {isa = PBXFileReference; lastKnownFileType = sourcecode.c.h; path = DataManagerDelegate.h; sourceTree = "<group>"; };
		2CE5D4912083A2A400E559D5 /* ApartmentListRequest.h */ = {isa = PBXFileReference; lastKnownFileType = sourcecode.c.h; path = ApartmentListRequest.h; sourceTree = "<group>"; };
		2CE5D4922083A2A400E559D5 /* ApartmentListRequest.m */ = {isa = PBXFileReference; lastKnownFileType = sourcecode.c.objc; path = ApartmentListRequest.m; sourceTree = "<group>"; };
		2CE5D4942083A2F100E559D5 /* DataRequestProtocol.h */ = {isa = PBXFileReference; lastKnownFileType = sourcecode.c.h; path = DataRequestProtocol.h; sourceTree = "<group>"; };
		2CE5D4952083A30300E559D5 /* DataRequestDelegate.h */ = {isa = PBXFileReference; lastKnownFileType = sourcecode.c.h; path = DataRequestDelegate.h; sourceTree = "<group>"; };
		2CE5D4992083A6E500E559D5 /* JSONValueTransformer.m */ = {isa = PBXFileReference; fileEncoding = 4; lastKnownFileType = sourcecode.c.objc; path = JSONValueTransformer.m; sourceTree = "<group>"; };
		2CE5D49A2083A6E500E559D5 /* JSONKeyMapper.h */ = {isa = PBXFileReference; fileEncoding = 4; lastKnownFileType = sourcecode.c.h; path = JSONKeyMapper.h; sourceTree = "<group>"; };
		2CE5D49B2083A6E500E559D5 /* JSONValueTransformer.h */ = {isa = PBXFileReference; fileEncoding = 4; lastKnownFileType = sourcecode.c.h; path = JSONValueTransformer.h; sourceTree = "<group>"; };
		2CE5D49C2083A6E500E559D5 /* JSONKeyMapper.m */ = {isa = PBXFileReference; fileEncoding = 4; lastKnownFileType = sourcecode.c.objc; path = JSONKeyMapper.m; sourceTree = "<group>"; };
		2CE5D49E2083A6E500E559D5 /* JSONModel.m */ = {isa = PBXFileReference; fileEncoding = 4; lastKnownFileType = sourcecode.c.objc; path = JSONModel.m; sourceTree = "<group>"; };
		2CE5D49F2083A6E500E559D5 /* JSONModelError.m */ = {isa = PBXFileReference; fileEncoding = 4; lastKnownFileType = sourcecode.c.objc; path = JSONModelError.m; sourceTree = "<group>"; };
		2CE5D4A02083A6E500E559D5 /* JSONModelClassProperty.h */ = {isa = PBXFileReference; fileEncoding = 4; lastKnownFileType = sourcecode.c.h; path = JSONModelClassProperty.h; sourceTree = "<group>"; };
		2CE5D4A12083A6E500E559D5 /* JSONModel.h */ = {isa = PBXFileReference; fileEncoding = 4; lastKnownFileType = sourcecode.c.h; path = JSONModel.h; sourceTree = "<group>"; };
		2CE5D4A22083A6E500E559D5 /* JSONModelClassProperty.m */ = {isa = PBXFileReference; fileEncoding = 4; lastKnownFileType = sourcecode.c.objc; path = JSONModelClassProperty.m; sourceTree = "<group>"; };
		2CE5D4A32083A6E500E559D5 /* JSONModelError.h */ = {isa = PBXFileReference; fileEncoding = 4; lastKnownFileType = sourcecode.c.h; path = JSONModelError.h; sourceTree = "<group>"; };
		2CE5D4A42083A6E500E559D5 /* JSONModel.modulemap */ = {isa = PBXFileReference; fileEncoding = 4; lastKnownFileType = "sourcecode.module-map"; path = JSONModel.modulemap; sourceTree = "<group>"; };
		2CE5D4A52083A6E500E559D5 /* Info.plist */ = {isa = PBXFileReference; fileEncoding = 4; lastKnownFileType = text.plist.xml; path = Info.plist; sourceTree = "<group>"; };
		2CE5D4A62083A6E500E559D5 /* JSONModelLib.h */ = {isa = PBXFileReference; fileEncoding = 4; lastKnownFileType = sourcecode.c.h; path = JSONModelLib.h; sourceTree = "<group>"; };
		2CE5D4A82083A6E500E559D5 /* JSONHTTPClient.m */ = {isa = PBXFileReference; fileEncoding = 4; lastKnownFileType = sourcecode.c.objc; path = JSONHTTPClient.m; sourceTree = "<group>"; };
		2CE5D4A92083A6E500E559D5 /* JSONAPI.m */ = {isa = PBXFileReference; fileEncoding = 4; lastKnownFileType = sourcecode.c.objc; path = JSONAPI.m; sourceTree = "<group>"; };
		2CE5D4AA2083A6E500E559D5 /* JSONModel+networking.h */ = {isa = PBXFileReference; fileEncoding = 4; lastKnownFileType = sourcecode.c.h; path = "JSONModel+networking.h"; sourceTree = "<group>"; };
		2CE5D4AB2083A6E500E559D5 /* JSONHTTPClient.h */ = {isa = PBXFileReference; fileEncoding = 4; lastKnownFileType = sourcecode.c.h; path = JSONHTTPClient.h; sourceTree = "<group>"; };
		2CE5D4AC2083A6E500E559D5 /* JSONAPI.h */ = {isa = PBXFileReference; fileEncoding = 4; lastKnownFileType = sourcecode.c.h; path = JSONAPI.h; sourceTree = "<group>"; };
		2CE5D4AD2083A6E500E559D5 /* JSONModel+networking.m */ = {isa = PBXFileReference; fileEncoding = 4; lastKnownFileType = sourcecode.c.objc; path = "JSONModel+networking.m"; sourceTree = "<group>"; };
		2CE5D4B72083A8DE00E559D5 /* Apartment.h */ = {isa = PBXFileReference; lastKnownFileType = sourcecode.c.h; path = Apartment.h; sourceTree = "<group>"; };
		2CE5D4B82083A8DE00E559D5 /* Apartment.m */ = {isa = PBXFileReference; lastKnownFileType = sourcecode.c.objc; path = Apartment.m; sourceTree = "<group>"; };
		2CE5D4BA2083BDCE00E559D5 /* DataResponse.h */ = {isa = PBXFileReference; lastKnownFileType = sourcecode.c.h; path = DataResponse.h; sourceTree = "<group>"; };
		2CE5D4BB2083BDCE00E559D5 /* DataResponse.m */ = {isa = PBXFileReference; lastKnownFileType = sourcecode.c.objc; path = DataResponse.m; sourceTree = "<group>"; };
		2CE5D4BD20866B7000E559D5 /* ApartmentTableViewCell.h */ = {isa = PBXFileReference; lastKnownFileType = sourcecode.c.h; path = ApartmentTableViewCell.h; sourceTree = "<group>"; };
		2CE5D4BE20866B7000E559D5 /* ApartmentTableViewCell.m */ = {isa = PBXFileReference; lastKnownFileType = sourcecode.c.objc; path = ApartmentTableViewCell.m; sourceTree = "<group>"; };
		2CE5D4BF20866B7000E559D5 /* ApartmentTableViewCell.xib */ = {isa = PBXFileReference; lastKnownFileType = file.xib; path = ApartmentTableViewCell.xib; sourceTree = "<group>"; };
		2CE5D4C22086862000E559D5 /* Roboto-Medium.ttf */ = {isa = PBXFileReference; lastKnownFileType = file; path = "Roboto-Medium.ttf"; sourceTree = "<group>"; };
		2CE5D4C3208687D800E559D5 /* Roboto-Bold.ttf */ = {isa = PBXFileReference; lastKnownFileType = file; path = "Roboto-Bold.ttf"; sourceTree = "<group>"; };
		2CE5D4C420868AD800E559D5 /* LoadMoreTableViewCell.h */ = {isa = PBXFileReference; lastKnownFileType = sourcecode.c.h; path = LoadMoreTableViewCell.h; sourceTree = "<group>"; };
		2CE5D4C520868AD800E559D5 /* LoadMoreTableViewCell.m */ = {isa = PBXFileReference; lastKnownFileType = sourcecode.c.objc; path = LoadMoreTableViewCell.m; sourceTree = "<group>"; };
		2CE5D4C620868AD800E559D5 /* LoadMoreTableViewCell.xib */ = {isa = PBXFileReference; lastKnownFileType = file.xib; path = LoadMoreTableViewCell.xib; sourceTree = "<group>"; };
		2CE5D4C920868C7F00E559D5 /* LoadMoreTableViewCellDelegate.h */ = {isa = PBXFileReference; lastKnownFileType = sourcecode.c.h; path = LoadMoreTableViewCellDelegate.h; sourceTree = "<group>"; };
/* End PBXFileReference section */

/* Begin PBXFrameworksBuildPhase section */
		2CE5D46C20811EEB00E559D5 /* Frameworks */ = {
			isa = PBXFrameworksBuildPhase;
			buildActionMask = 2147483647;
			files = (
			);
			runOnlyForDeploymentPostprocessing = 0;
		};
/* End PBXFrameworksBuildPhase section */

/* Begin PBXGroup section */
		2CE5D46620811EEB00E559D5 = {
			isa = PBXGroup;
			children = (
				2CE5D47120811EEB00E559D5 /* ApartmentComplexSearchApp */,
				2CE5D47020811EEB00E559D5 /* Products */,
			);
			sourceTree = "<group>";
		};
		2CE5D47020811EEB00E559D5 /* Products */ = {
			isa = PBXGroup;
			children = (
				2CE5D46F20811EEB00E559D5 /* ApartmentComplexSearchApp.app */,
			);
			name = Products;
			sourceTree = "<group>";
		};
		2CE5D47120811EEB00E559D5 /* ApartmentComplexSearchApp */ = {
			isa = PBXGroup;
			children = (
				2CE5D47220811EEB00E559D5 /* AppDelegate.h */,
				2CE5D47320811EEB00E559D5 /* AppDelegate.m */,
				2CE5D47520811EEB00E559D5 /* ViewController.h */,
				2CE5D47620811EEB00E559D5 /* ViewController.m */,
				2CE5D4902083A22B00E559D5 /* DataManagment */,
				2CE5D48B2081239C00E559D5 /* Views */,
				2CE5D47820811EEB00E559D5 /* Main.storyboard */,
				2CE5D47B20811EF100E559D5 /* Assets.xcassets */,
				2CE5D47D20811EF100E559D5 /* LaunchScreen.storyboard */,
				2CE5D48020811EF100E559D5 /* Info.plist */,
				2CE5D48120811EF100E559D5 /* main.m */,
				2CE5D4C22086862000E559D5 /* Roboto-Medium.ttf */,
				2CE5D4C3208687D800E559D5 /* Roboto-Bold.ttf */,
				2CE5D4962083A6C800E559D5 /* Frameworks */,
			);
			path = ApartmentComplexSearchApp;
			sourceTree = "<group>";
		};
		2CE5D48B2081239C00E559D5 /* Views */ = {
			isa = PBXGroup;
			children = (
				2CE5D4BD20866B7000E559D5 /* ApartmentTableViewCell.h */,
				2CE5D4BE20866B7000E559D5 /* ApartmentTableViewCell.m */,
				2CE5D4BF20866B7000E559D5 /* ApartmentTableViewCell.xib */,
				2CE5D4C420868AD800E559D5 /* LoadMoreTableViewCell.h */,
				2CE5D4C520868AD800E559D5 /* LoadMoreTableViewCell.m */,
				2CE5D4C620868AD800E559D5 /* LoadMoreTableViewCell.xib */,
				2CE5D4C920868C7F00E559D5 /* LoadMoreTableViewCellDelegate.h */,
				2CE5D4882081238D00E559D5 /* NavigationGradientView.h */,
				2CE5D4892081238D00E559D5 /* NavigationGradientView.m */,
			);
			path = Views;
			sourceTree = "<group>";
		};
		2CE5D4902083A22B00E559D5 /* DataManagment */ = {
			isa = PBXGroup;
			children = (
				2CE5D4B72083A8DE00E559D5 /* Apartment.h */,
				2CE5D4B82083A8DE00E559D5 /* Apartment.m */,
				2CE5D48C208390C600E559D5 /* DataManager.h */,
				2CE5D48D208390C600E559D5 /* DataManager.m */,
				2CE5D48F2083916D00E559D5 /* DataManagerDelegate.h */,
				2CE5D4912083A2A400E559D5 /* ApartmentListRequest.h */,
				2CE5D4922083A2A400E559D5 /* ApartmentListRequest.m */,
				2CE5D4BA2083BDCE00E559D5 /* DataResponse.h */,
				2CE5D4BB2083BDCE00E559D5 /* DataResponse.m */,
				2CE5D4942083A2F100E559D5 /* DataRequestProtocol.h */,
				2CE5D4952083A30300E559D5 /* DataRequestDelegate.h */,
			);
			path = DataManagment;
			sourceTree = "<group>";
		};
		2CE5D4962083A6C800E559D5 /* Frameworks */ = {
			isa = PBXGroup;
			children = (
				2CE5D4972083A6E500E559D5 /* JSONModel */,
			);
			path = Frameworks;
			sourceTree = "<group>";
		};
		2CE5D4972083A6E500E559D5 /* JSONModel */ = {
			isa = PBXGroup;
			children = (
				2CE5D4982083A6E500E559D5 /* JSONModelTransformations */,
				2CE5D49D2083A6E500E559D5 /* JSONModel */,
				2CE5D4A42083A6E500E559D5 /* JSONModel.modulemap */,
				2CE5D4A52083A6E500E559D5 /* Info.plist */,
				2CE5D4A62083A6E500E559D5 /* JSONModelLib.h */,
				2CE5D4A72083A6E500E559D5 /* JSONModelNetworking */,
			);
			path = JSONModel;
			sourceTree = "<group>";
		};
		2CE5D4982083A6E500E559D5 /* JSONModelTransformations */ = {
			isa = PBXGroup;
			children = (
				2CE5D4992083A6E500E559D5 /* JSONValueTransformer.m */,
				2CE5D49A2083A6E500E559D5 /* JSONKeyMapper.h */,
				2CE5D49B2083A6E500E559D5 /* JSONValueTransformer.h */,
				2CE5D49C2083A6E500E559D5 /* JSONKeyMapper.m */,
			);
			path = JSONModelTransformations;
			sourceTree = "<group>";
		};
		2CE5D49D2083A6E500E559D5 /* JSONModel */ = {
			isa = PBXGroup;
			children = (
				2CE5D49E2083A6E500E559D5 /* JSONModel.m */,
				2CE5D49F2083A6E500E559D5 /* JSONModelError.m */,
				2CE5D4A02083A6E500E559D5 /* JSONModelClassProperty.h */,
				2CE5D4A12083A6E500E559D5 /* JSONModel.h */,
				2CE5D4A22083A6E500E559D5 /* JSONModelClassProperty.m */,
				2CE5D4A32083A6E500E559D5 /* JSONModelError.h */,
			);
			path = JSONModel;
			sourceTree = "<group>";
		};
		2CE5D4A72083A6E500E559D5 /* JSONModelNetworking */ = {
			isa = PBXGroup;
			children = (
				2CE5D4A82083A6E500E559D5 /* JSONHTTPClient.m */,
				2CE5D4A92083A6E500E559D5 /* JSONAPI.m */,
				2CE5D4AA2083A6E500E559D5 /* JSONModel+networking.h */,
				2CE5D4AB2083A6E500E559D5 /* JSONHTTPClient.h */,
				2CE5D4AC2083A6E500E559D5 /* JSONAPI.h */,
				2CE5D4AD2083A6E500E559D5 /* JSONModel+networking.m */,
			);
			path = JSONModelNetworking;
			sourceTree = "<group>";
		};
/* End PBXGroup section */

/* Begin PBXNativeTarget section */
		2CE5D46E20811EEB00E559D5 /* ApartmentComplexSearchApp */ = {
			isa = PBXNativeTarget;
			buildConfigurationList = 2CE5D48520811EF100E559D5 /* Build configuration list for PBXNativeTarget "ApartmentComplexSearchApp" */;
			buildPhases = (
				2CE5D46B20811EEB00E559D5 /* Sources */,
				2CE5D46C20811EEB00E559D5 /* Frameworks */,
				2CE5D46D20811EEB00E559D5 /* Resources */,
			);
			buildRules = (
			);
			dependencies = (
			);
			name = ApartmentComplexSearchApp;
			productName = ApartmentComplexSearchApp;
			productReference = 2CE5D46F20811EEB00E559D5 /* ApartmentComplexSearchApp.app */;
			productType = "com.apple.product-type.application";
		};
/* End PBXNativeTarget section */

/* Begin PBXProject section */
		2CE5D46720811EEB00E559D5 /* Project object */ = {
			isa = PBXProject;
			attributes = {
				LastUpgradeCheck = 0930;
				ORGANIZATIONNAME = Dmitriy;
				TargetAttributes = {
					2CE5D46E20811EEB00E559D5 = {
						CreatedOnToolsVersion = 9.3;
					};
				};
			};
			buildConfigurationList = 2CE5D46A20811EEB00E559D5 /* Build configuration list for PBXProject "ApartmentComplexSearchApp" */;
			compatibilityVersion = "Xcode 9.3";
			developmentRegion = en;
			hasScannedForEncodings = 0;
			knownRegions = (
				en,
				Base,
			);
			mainGroup = 2CE5D46620811EEB00E559D5;
			productRefGroup = 2CE5D47020811EEB00E559D5 /* Products */;
			projectDirPath = "";
			projectRoot = "";
			targets = (
				2CE5D46E20811EEB00E559D5 /* ApartmentComplexSearchApp */,
			);
		};
/* End PBXProject section */

/* Begin PBXResourcesBuildPhase section */
		2CE5D46D20811EEB00E559D5 /* Resources */ = {
			isa = PBXResourcesBuildPhase;
			buildActionMask = 2147483647;
			files = (
				2CE5D4C820868AD800E559D5 /* LoadMoreTableViewCell.xib in Resources */,
				2CE5D4B32083A6E500E559D5 /* Info.plist in Resources */,
				2CE5D47F20811EF100E559D5 /* LaunchScreen.storyboard in Resources */,
				2CE5D4C120866B7000E559D5 /* ApartmentTableViewCell.xib in Resources */,
				2CE5D47C20811EF100E559D5 /* Assets.xcassets in Resources */,
				2CE5D47A20811EEB00E559D5 /* Main.storyboard in Resources */,
			);
			runOnlyForDeploymentPostprocessing = 0;
		};
/* End PBXResourcesBuildPhase section */

/* Begin PBXSourcesBuildPhase section */
		2CE5D46B20811EEB00E559D5 /* Sources */ = {
			isa = PBXSourcesBuildPhase;
			buildActionMask = 2147483647;
			files = (
				2CE5D4B42083A6E500E559D5 /* JSONHTTPClient.m in Sources */,
				2CE5D48A2081238D00E559D5 /* NavigationGradientView.m in Sources */,
				2CE5D4BC2083BDCE00E559D5 /* DataResponse.m in Sources */,
				2CE5D48E208390C600E559D5 /* DataManager.m in Sources */,
				2CE5D4B92083A8DE00E559D5 /* Apartment.m in Sources */,
				2CE5D4AF2083A6E500E559D5 /* JSONKeyMapper.m in Sources */,
				2CE5D4932083A2A500E559D5 /* ApartmentListRequest.m in Sources */,
				2CE5D4B62083A6E500E559D5 /* JSONModel+networking.m in Sources */,
				2CE5D4B22083A6E500E559D5 /* JSONModelClassProperty.m in Sources */,
				2CE5D47720811EEB00E559D5 /* ViewController.m in Sources */,
				2CE5D4B52083A6E500E559D5 /* JSONAPI.m in Sources */,
				2CE5D4C020866B7000E559D5 /* ApartmentTableViewCell.m in Sources */,
				2CE5D4AE2083A6E500E559D5 /* JSONValueTransformer.m in Sources */,
				2CE5D4B02083A6E500E559D5 /* JSONModel.m in Sources */,
				2CE5D48220811EF100E559D5 /* main.m in Sources */,
				2CE5D4B12083A6E500E559D5 /* JSONModelError.m in Sources */,
				2CE5D4C720868AD800E559D5 /* LoadMoreTableViewCell.m in Sources */,
				2CE5D47420811EEB00E559D5 /* AppDelegate.m in Sources */,
			);
			runOnlyForDeploymentPostprocessing = 0;
		};
/* End PBXSourcesBuildPhase section */

/* Begin PBXVariantGroup section */
		2CE5D47820811EEB00E559D5 /* Main.storyboard */ = {
			isa = PBXVariantGroup;
			children = (
				2CE5D47920811EEB00E559D5 /* Base */,
			);
			name = Main.storyboard;
			sourceTree = "<group>";
		};
		2CE5D47D20811EF100E559D5 /* LaunchScreen.storyboard */ = {
			isa = PBXVariantGroup;
			children = (
				2CE5D47E20811EF100E559D5 /* Base */,
			);
			name = LaunchScreen.storyboard;
			sourceTree = "<group>";
		};
/* End PBXVariantGroup section */

/* Begin XCBuildConfiguration section */
		2CE5D48320811EF100E559D5 /* Debug */ = {
			isa = XCBuildConfiguration;
			buildSettings = {
				ALWAYS_SEARCH_USER_PATHS = NO;
				CLANG_ANALYZER_NONNULL = YES;
				CLANG_ANALYZER_NUMBER_OBJECT_CONVERSION = YES_AGGRESSIVE;
				CLANG_CXX_LANGUAGE_STANDARD = "gnu++14";
				CLANG_CXX_LIBRARY = "libc++";
				CLANG_ENABLE_MODULES = YES;
				CLANG_ENABLE_OBJC_ARC = YES;
				CLANG_ENABLE_OBJC_WEAK = YES;
				CLANG_WARN_BLOCK_CAPTURE_AUTORELEASING = YES;
				CLANG_WARN_BOOL_CONVERSION = YES;
				CLANG_WARN_COMMA = YES;
				CLANG_WARN_CONSTANT_CONVERSION = YES;
				CLANG_WARN_DEPRECATED_OBJC_IMPLEMENTATIONS = YES;
				CLANG_WARN_DIRECT_OBJC_ISA_USAGE = YES_ERROR;
				CLANG_WARN_DOCUMENTATION_COMMENTS = YES;
				CLANG_WARN_EMPTY_BODY = YES;
				CLANG_WARN_ENUM_CONVERSION = YES;
				CLANG_WARN_INFINITE_RECURSION = YES;
				CLANG_WARN_INT_CONVERSION = YES;
				CLANG_WARN_NON_LITERAL_NULL_CONVERSION = YES;
				CLANG_WARN_OBJC_IMPLICIT_RETAIN_SELF = YES;
				CLANG_WARN_OBJC_LITERAL_CONVERSION = YES;
				CLANG_WARN_OBJC_ROOT_CLASS = YES_ERROR;
				CLANG_WARN_RANGE_LOOP_ANALYSIS = YES;
				CLANG_WARN_STRICT_PROTOTYPES = YES;
				CLANG_WARN_SUSPICIOUS_MOVE = YES;
				CLANG_WARN_UNGUARDED_AVAILABILITY = YES_AGGRESSIVE;
				CLANG_WARN_UNREACHABLE_CODE = YES;
				CLANG_WARN__DUPLICATE_METHOD_MATCH = YES;
				CODE_SIGN_IDENTITY = "iPhone Developer";
				COPY_PHASE_STRIP = NO;
				DEBUG_INFORMATION_FORMAT = dwarf;
				ENABLE_STRICT_OBJC_MSGSEND = YES;
				ENABLE_TESTABILITY = YES;
				GCC_C_LANGUAGE_STANDARD = gnu11;
				GCC_DYNAMIC_NO_PIC = NO;
				GCC_NO_COMMON_BLOCKS = YES;
				GCC_OPTIMIZATION_LEVEL = 0;
				GCC_PREPROCESSOR_DEFINITIONS = (
					"DEBUG=1",
					"$(inherited)",
				);
				GCC_WARN_64_TO_32_BIT_CONVERSION = YES;
				GCC_WARN_ABOUT_RETURN_TYPE = YES_ERROR;
				GCC_WARN_UNDECLARED_SELECTOR = YES;
				GCC_WARN_UNINITIALIZED_AUTOS = YES_AGGRESSIVE;
				GCC_WARN_UNUSED_FUNCTION = YES;
				GCC_WARN_UNUSED_VARIABLE = YES;
				IPHONEOS_DEPLOYMENT_TARGET = 11.3;
				MTL_ENABLE_DEBUG_INFO = YES;
				ONLY_ACTIVE_ARCH = YES;
				SDKROOT = iphoneos;
			};
			name = Debug;
		};
		2CE5D48420811EF100E559D5 /* Release */ = {
			isa = XCBuildConfiguration;
			buildSettings = {
				ALWAYS_SEARCH_USER_PATHS = NO;
				CLANG_ANALYZER_NONNULL = YES;
				CLANG_ANALYZER_NUMBER_OBJECT_CONVERSION = YES_AGGRESSIVE;
				CLANG_CXX_LANGUAGE_STANDARD = "gnu++14";
				CLANG_CXX_LIBRARY = "libc++";
				CLANG_ENABLE_MODULES = YES;
				CLANG_ENABLE_OBJC_ARC = YES;
				CLANG_ENABLE_OBJC_WEAK = YES;
				CLANG_WARN_BLOCK_CAPTURE_AUTORELEASING = YES;
				CLANG_WARN_BOOL_CONVERSION = YES;
				CLANG_WARN_COMMA = YES;
				CLANG_WARN_CONSTANT_CONVERSION = YES;
				CLANG_WARN_DEPRECATED_OBJC_IMPLEMENTATIONS = YES;
				CLANG_WARN_DIRECT_OBJC_ISA_USAGE = YES_ERROR;
				CLANG_WARN_DOCUMENTATION_COMMENTS = YES;
				CLANG_WARN_EMPTY_BODY = YES;
				CLANG_WARN_ENUM_CONVERSION = YES;
				CLANG_WARN_INFINITE_RECURSION = YES;
				CLANG_WARN_INT_CONVERSION = YES;
				CLANG_WARN_NON_LITERAL_NULL_CONVERSION = YES;
				CLANG_WARN_OBJC_IMPLICIT_RETAIN_SELF = YES;
				CLANG_WARN_OBJC_LITERAL_CONVERSION = YES;
				CLANG_WARN_OBJC_ROOT_CLASS = YES_ERROR;
				CLANG_WARN_RANGE_LOOP_ANALYSIS = YES;
				CLANG_WARN_STRICT_PROTOTYPES = YES;
				CLANG_WARN_SUSPICIOUS_MOVE = YES;
				CLANG_WARN_UNGUARDED_AVAILABILITY = YES_AGGRESSIVE;
				CLANG_WARN_UNREACHABLE_CODE = YES;
				CLANG_WARN__DUPLICATE_METHOD_MATCH = YES;
				CODE_SIGN_IDENTITY = "iPhone Developer";
				COPY_PHASE_STRIP = NO;
				DEBUG_INFORMATION_FORMAT = "dwarf-with-dsym";
				ENABLE_NS_ASSERTIONS = NO;
				ENABLE_STRICT_OBJC_MSGSEND = YES;
				GCC_C_LANGUAGE_STANDARD = gnu11;
				GCC_NO_COMMON_BLOCKS = YES;
				GCC_WARN_64_TO_32_BIT_CONVERSION = YES;
				GCC_WARN_ABOUT_RETURN_TYPE = YES_ERROR;
				GCC_WARN_UNDECLARED_SELECTOR = YES;
				GCC_WARN_UNINITIALIZED_AUTOS = YES_AGGRESSIVE;
				GCC_WARN_UNUSED_FUNCTION = YES;
				GCC_WARN_UNUSED_VARIABLE = YES;
				IPHONEOS_DEPLOYMENT_TARGET = 11.3;
				MTL_ENABLE_DEBUG_INFO = NO;
				SDKROOT = iphoneos;
				VALIDATE_PRODUCT = YES;
			};
			name = Release;
		};
		2CE5D48620811EF100E559D5 /* Debug */ = {
			isa = XCBuildConfiguration;
			buildSettings = {
				ASSETCATALOG_COMPILER_APPICON_NAME = AppIcon;
				CODE_SIGN_STYLE = Automatic;
				DEVELOPMENT_TEAM = 292K3XX9N4;
				INFOPLIST_FILE = ApartmentComplexSearchApp/Info.plist;
				LD_RUNPATH_SEARCH_PATHS = (
					"$(inherited)",
					"@executable_path/Frameworks",
				);
				PRODUCT_BUNDLE_IDENTIFIER = com.Dmitriy.ApartmentComplexSearchApp;
				PRODUCT_NAME = "$(TARGET_NAME)";
				TARGETED_DEVICE_FAMILY = 1;
			};
			name = Debug;
		};
		2CE5D48720811EF100E559D5 /* Release */ = {
			isa = XCBuildConfiguration;
			buildSettings = {
				ASSETCATALOG_COMPILER_APPICON_NAME = AppIcon;
				CODE_SIGN_STYLE = Automatic;
				DEVELOPMENT_TEAM = 292K3XX9N4;
				INFOPLIST_FILE = ApartmentComplexSearchApp/Info.plist;
				LD_RUNPATH_SEARCH_PATHS = (
					"$(inherited)",
					"@executable_path/Frameworks",
				);
				PRODUCT_BUNDLE_IDENTIFIER = com.Dmitriy.ApartmentComplexSearchApp;
				PRODUCT_NAME = "$(TARGET_NAME)";
				TARGETED_DEVICE_FAMILY = 1;
			};
			name = Release;
		};
/* End XCBuildConfiguration section */

/* Begin XCConfigurationList section */
		2CE5D46A20811EEB00E559D5 /* Build configuration list for PBXProject "ApartmentComplexSearchApp" */ = {
			isa = XCConfigurationList;
			buildConfigurations = (
				2CE5D48320811EF100E559D5 /* Debug */,
				2CE5D48420811EF100E559D5 /* Release */,
			);
			defaultConfigurationIsVisible = 0;
			defaultConfigurationName = Release;
		};
		2CE5D48520811EF100E559D5 /* Build configuration list for PBXNativeTarget "ApartmentComplexSearchApp" */ = {
			isa = XCConfigurationList;
			buildConfigurations = (
				2CE5D48620811EF100E559D5 /* Debug */,
				2CE5D48720811EF100E559D5 /* Release */,
			);
			defaultConfigurationIsVisible = 0;
			defaultConfigurationName = Release;
		};
/* End XCConfigurationList section */
	};
	rootObject = 2CE5D46720811EEB00E559D5 /* Project object */;
}
